// !$*UTF8*$!
{
	archiveVersion = 1;
	classes = {
	};
	objectVersion = 55;
	objects = {

/* Begin PBXBuildFile section */
		5AA24A02477BABB05F0CAAF2 /* Pods_Breaking_Bad_Characters_List.framework in Frameworks */ = {isa = PBXBuildFile; fileRef = E520E00DED81EAFA0E98681A /* Pods_Breaking_Bad_Characters_List.framework */; };
		E0A574D228CB8A20002679C7 /* AppDelegate.swift in Sources */ = {isa = PBXBuildFile; fileRef = E0A574D128CB8A20002679C7 /* AppDelegate.swift */; };
		E0A574D428CB8A20002679C7 /* SceneDelegate.swift in Sources */ = {isa = PBXBuildFile; fileRef = E0A574D328CB8A20002679C7 /* SceneDelegate.swift */; };
		E0A574D628CB8A20002679C7 /* ViewController.swift in Sources */ = {isa = PBXBuildFile; fileRef = E0A574D528CB8A20002679C7 /* ViewController.swift */; };
		E0A574D928CB8A20002679C7 /* Main.storyboard in Resources */ = {isa = PBXBuildFile; fileRef = E0A574D728CB8A20002679C7 /* Main.storyboard */; };
		E0A574DB28CB8A21002679C7 /* Assets.xcassets in Resources */ = {isa = PBXBuildFile; fileRef = E0A574DA28CB8A21002679C7 /* Assets.xcassets */; };
		E0A574DE28CB8A21002679C7 /* LaunchScreen.storyboard in Resources */ = {isa = PBXBuildFile; fileRef = E0A574DC28CB8A21002679C7 /* LaunchScreen.storyboard */; };
/* End PBXBuildFile section */

/* Begin PBXFileReference section */
		E0A574CE28CB8A20002679C7 /* Breaking Bad Characters List.app */ = {isa = PBXFileReference; explicitFileType = wrapper.application; includeInIndex = 0; path = "Breaking Bad Characters List.app"; sourceTree = BUILT_PRODUCTS_DIR; };
		E0A574D128CB8A20002679C7 /* AppDelegate.swift */ = {isa = PBXFileReference; lastKnownFileType = sourcecode.swift; path = AppDelegate.swift; sourceTree = "<group>"; };
		E0A574D328CB8A20002679C7 /* SceneDelegate.swift */ = {isa = PBXFileReference; lastKnownFileType = sourcecode.swift; path = SceneDelegate.swift; sourceTree = "<group>"; };
		E0A574D528CB8A20002679C7 /* ViewController.swift */ = {isa = PBXFileReference; lastKnownFileType = sourcecode.swift; path = ViewController.swift; sourceTree = "<group>"; };
		E0A574D828CB8A20002679C7 /* Base */ = {isa = PBXFileReference; lastKnownFileType = file.storyboard; name = Base; path = Base.lproj/Main.storyboard; sourceTree = "<group>"; };
		E0A574DA28CB8A21002679C7 /* Assets.xcassets */ = {isa = PBXFileReference; lastKnownFileType = folder.assetcatalog; path = Assets.xcassets; sourceTree = "<group>"; };
		E0A574DD28CB8A21002679C7 /* Base */ = {isa = PBXFileReference; lastKnownFileType = file.storyboard; name = Base; path = Base.lproj/LaunchScreen.storyboard; sourceTree = "<group>"; };
		E0A574DF28CB8A21002679C7 /* Info.plist */ = {isa = PBXFileReference; lastKnownFileType = text.plist.xml; path = Info.plist; sourceTree = "<group>"; };
		E520E00DED81EAFA0E98681A /* Pods_Breaking_Bad_Characters_List.framework */ = {isa = PBXFileReference; explicitFileType = wrapper.framework; includeInIndex = 0; path = Pods_Breaking_Bad_Characters_List.framework; sourceTree = BUILT_PRODUCTS_DIR; };
		EB5426989721C8A7BF9875C9 /* Pods-Breaking Bad Characters List.debug.xcconfig */ = {isa = PBXFileReference; includeInIndex = 1; lastKnownFileType = text.xcconfig; name = "Pods-Breaking Bad Characters List.debug.xcconfig"; path = "Target Support Files/Pods-Breaking Bad Characters List/Pods-Breaking Bad Characters List.debug.xcconfig"; sourceTree = "<group>"; };
		FAD3703D8F8D104314975447 /* Pods-Breaking Bad Characters List.release.xcconfig */ = {isa = PBXFileReference; includeInIndex = 1; lastKnownFileType = text.xcconfig; name = "Pods-Breaking Bad Characters List.release.xcconfig"; path = "Target Support Files/Pods-Breaking Bad Characters List/Pods-Breaking Bad Characters List.release.xcconfig"; sourceTree = "<group>"; };
/* End PBXFileReference section */

/* Begin PBXFrameworksBuildPhase section */
		E0A574CB28CB8A20002679C7 /* Frameworks */ = {
			isa = PBXFrameworksBuildPhase;
			buildActionMask = 2147483647;
			files = (
				5AA24A02477BABB05F0CAAF2 /* Pods_Breaking_Bad_Characters_List.framework in Frameworks */,
			);
			runOnlyForDeploymentPostprocessing = 0;
		};
/* End PBXFrameworksBuildPhase section */

/* Begin PBXGroup section */
		8DA3D7349D7CC8CA64D8326F /* Pods */ = {
			isa = PBXGroup;
			children = (
				EB5426989721C8A7BF9875C9 /* Pods-Breaking Bad Characters List.debug.xcconfig */,
				FAD3703D8F8D104314975447 /* Pods-Breaking Bad Characters List.release.xcconfig */,
			);
			name = Pods;
			path = Pods;
			sourceTree = "<group>";
		};
		B03DBD1BC3D05ABD1B06398A /* Frameworks */ = {
			isa = PBXGroup;
			children = (
				E520E00DED81EAFA0E98681A /* Pods_Breaking_Bad_Characters_List.framework */,
			);
			name = Frameworks;
			sourceTree = "<group>";
		};
		E0A574C528CB8A20002679C7 = {
			isa = PBXGroup;
			children = (
				E0A574D028CB8A20002679C7 /* Breaking Bad Characters List */,
				E0A574CF28CB8A20002679C7 /* Products */,
				8DA3D7349D7CC8CA64D8326F /* Pods */,
				B03DBD1BC3D05ABD1B06398A /* Frameworks */,
			);
			sourceTree = "<group>";
		};
		E0A574CF28CB8A20002679C7 /* Products */ = {
			isa = PBXGroup;
			children = (
				E0A574CE28CB8A20002679C7 /* Breaking Bad Characters List.app */,
			);
			name = Products;
			sourceTree = "<group>";
		};
		E0A574D028CB8A20002679C7 /* Breaking Bad Characters List */ = {
			isa = PBXGroup;
			children = (
				E0A574D128CB8A20002679C7 /* AppDelegate.swift */,
				E0A574D328CB8A20002679C7 /* SceneDelegate.swift */,
				E0A574D528CB8A20002679C7 /* ViewController.swift */,
				E0A574D728CB8A20002679C7 /* Main.storyboard */,
				E0A574DA28CB8A21002679C7 /* Assets.xcassets */,
				E0A574DC28CB8A21002679C7 /* LaunchScreen.storyboard */,
				E0A574DF28CB8A21002679C7 /* Info.plist */,
			);
			path = "Breaking Bad Characters List";
			sourceTree = "<group>";
		};
/* End PBXGroup section */

/* Begin PBXNativeTarget section */
		E0A574CD28CB8A20002679C7 /* Breaking Bad Characters List */ = {
			isa = PBXNativeTarget;
			buildConfigurationList = E0A574E228CB8A21002679C7 /* Build configuration list for PBXNativeTarget "Breaking Bad Characters List" */;
			buildPhases = (
				D568730334F96B379EFF7A26 /* [CP] Check Pods Manifest.lock */,
				E0A574CA28CB8A20002679C7 /* Sources */,
				E0A574CB28CB8A20002679C7 /* Frameworks */,
				E0A574CC28CB8A20002679C7 /* Resources */,
				4276D76B6B3D78F737F67F68 /* [CP] Embed Pods Frameworks */,
			);
			buildRules = (
			);
			dependencies = (
			);
			name = "Breaking Bad Characters List";
			productName = "Breaking Bad Characters List";
			productReference = E0A574CE28CB8A20002679C7 /* Breaking Bad Characters List.app */;
			productType = "com.apple.product-type.application";
		};
/* End PBXNativeTarget section */

/* Begin PBXProject section */
		E0A574C628CB8A20002679C7 /* Project object */ = {
			isa = PBXProject;
			attributes = {
				BuildIndependentTargetsInParallel = 1;
				LastSwiftUpdateCheck = 1310;
				LastUpgradeCheck = 1310;
				TargetAttributes = {
					E0A574CD28CB8A20002679C7 = {
						CreatedOnToolsVersion = 13.1;
					};
				};
			};
			buildConfigurationList = E0A574C928CB8A20002679C7 /* Build configuration list for PBXProject "Breaking Bad Characters List" */;
			compatibilityVersion = "Xcode 13.0";
			developmentRegion = en;
			hasScannedForEncodings = 0;
			knownRegions = (
				en,
				Base,
			);
			mainGroup = E0A574C528CB8A20002679C7;
			productRefGroup = E0A574CF28CB8A20002679C7 /* Products */;
			projectDirPath = "";
			projectRoot = "";
			targets = (
				E0A574CD28CB8A20002679C7 /* Breaking Bad Characters List */,
			);
		};
/* End PBXProject section */

/* Begin PBXResourcesBuildPhase section */
		E0A574CC28CB8A20002679C7 /* Resources */ = {
			isa = PBXResourcesBuildPhase;
			buildActionMask = 2147483647;
			files = (
				E0A574DE28CB8A21002679C7 /* LaunchScreen.storyboard in Resources */,
				E0A574DB28CB8A21002679C7 /* Assets.xcassets in Resources */,
				E0A574D928CB8A20002679C7 /* Main.storyboard in Resources */,
			);
			runOnlyForDeploymentPostprocessing = 0;
		};
/* End PBXResourcesBuildPhase section */

/* Begin PBXShellScriptBuildPhase section */
		4276D76B6B3D78F737F67F68 /* [CP] Embed Pods Frameworks */ = {
			isa = PBXShellScriptBuildPhase;
			buildActionMask = 2147483647;
			files = (
			);
			inputFileListPaths = (
				"${PODS_ROOT}/Target Support Files/Pods-Breaking Bad Characters List/Pods-Breaking Bad Characters List-frameworks-${CONFIGURATION}-input-files.xcfilelist",
			);
			name = "[CP] Embed Pods Frameworks";
			outputFileListPaths = (
				"${PODS_ROOT}/Target Support Files/Pods-Breaking Bad Characters List/Pods-Breaking Bad Characters List-frameworks-${CONFIGURATION}-output-files.xcfilelist",
			);
			runOnlyForDeploymentPostprocessing = 0;
			shellPath = /bin/sh;
			shellScript = "\"${PODS_ROOT}/Target Support Files/Pods-Breaking Bad Characters List/Pods-Breaking Bad Characters List-frameworks.sh\"\n";
			showEnvVarsInLog = 0;
		};
		D568730334F96B379EFF7A26 /* [CP] Check Pods Manifest.lock */ = {
			isa = PBXShellScriptBuildPhase;
			buildActionMask = 2147483647;
			files = (
			);
			inputFileListPaths = (
			);
			inputPaths = (
				"${PODS_PODFILE_DIR_PATH}/Podfile.lock",
				"${PODS_ROOT}/Manifest.lock",
			);
			name = "[CP] Check Pods Manifest.lock";
			outputFileListPaths = (
			);
			outputPaths = (
				"$(DERIVED_FILE_DIR)/Pods-Breaking Bad Characters List-checkManifestLockResult.txt",
			);
			runOnlyForDeploymentPostprocessing = 0;
			shellPath = /bin/sh;
			shellScript = "diff \"${PODS_PODFILE_DIR_PATH}/Podfile.lock\" \"${PODS_ROOT}/Manifest.lock\" > /dev/null\nif [ $? != 0 ] ; then\n    # print error to STDERR\n    echo \"error: The sandbox is not in sync with the Podfile.lock. Run 'pod install' or update your CocoaPods installation.\" >&2\n    exit 1\nfi\n# This output is used by Xcode 'outputs' to avoid re-running this script phase.\necho \"SUCCESS\" > \"${SCRIPT_OUTPUT_FILE_0}\"\n";
			showEnvVarsInLog = 0;
		};
/* End PBXShellScriptBuildPhase section */

/* Begin PBXSourcesBuildPhase section */
		E0A574CA28CB8A20002679C7 /* Sources */ = {
			isa = PBXSourcesBuildPhase;
			buildActionMask = 2147483647;
			files = (
				E0A574D628CB8A20002679C7 /* ViewController.swift in Sources */,
				E0A574D228CB8A20002679C7 /* AppDelegate.swift in Sources */,
				E0A574D428CB8A20002679C7 /* SceneDelegate.swift in Sources */,
			);
			runOnlyForDeploymentPostprocessing = 0;
		};
/* End PBXSourcesBuildPhase section */

/* Begin PBXVariantGroup section */
		E0A574D728CB8A20002679C7 /* Main.storyboard */ = {
			isa = PBXVariantGroup;
			children = (
				E0A574D828CB8A20002679C7 /* Base */,
			);
			name = Main.storyboard;
			sourceTree = "<group>";
		};
		E0A574DC28CB8A21002679C7 /* LaunchScreen.storyboard */ = {
			isa = PBXVariantGroup;
			children = (
				E0A574DD28CB8A21002679C7 /* Base */,
			);
			name = LaunchScreen.storyboard;
			sourceTree = "<group>";
		};
/* End PBXVariantGroup section */

/* Begin XCBuildConfiguration section */
		E0A574E028CB8A21002679C7 /* Debug */ = {
			isa = XCBuildConfiguration;
			buildSettings = {
				ALWAYS_SEARCH_USER_PATHS = NO;
				CLANG_ANALYZER_NONNULL = YES;
				CLANG_ANALYZER_NUMBER_OBJECT_CONVERSION = YES_AGGRESSIVE;
				CLANG_CXX_LANGUAGE_STANDARD = "gnu++17";
				CLANG_CXX_LIBRARY = "libc++";
				CLANG_ENABLE_MODULES = YES;
				CLANG_ENABLE_OBJC_ARC = YES;
				CLANG_ENABLE_OBJC_WEAK = YES;
				CLANG_WARN_BLOCK_CAPTURE_AUTORELEASING = YES;
				CLANG_WARN_BOOL_CONVERSION = YES;
				CLANG_WARN_COMMA = YES;
				CLANG_WARN_CONSTANT_CONVERSION = YES;
				CLANG_WARN_DEPRECATED_OBJC_IMPLEMENTATIONS = YES;
				CLANG_WARN_DIRECT_OBJC_ISA_USAGE = YES_ERROR;
				CLANG_WARN_DOCUMENTATION_COMMENTS = YES;
				CLANG_WARN_EMPTY_BODY = YES;
				CLANG_WARN_ENUM_CONVERSION = YES;
				CLANG_WARN_INFINITE_RECURSION = YES;
				CLANG_WARN_INT_CONVERSION = YES;
				CLANG_WARN_NON_LITERAL_NULL_CONVERSION = YES;
				CLANG_WARN_OBJC_IMPLICIT_RETAIN_SELF = YES;
				CLANG_WARN_OBJC_LITERAL_CONVERSION = YES;
				CLANG_WARN_OBJC_ROOT_CLASS = YES_ERROR;
				CLANG_WARN_QUOTED_INCLUDE_IN_FRAMEWORK_HEADER = YES;
				CLANG_WARN_RANGE_LOOP_ANALYSIS = YES;
				CLANG_WARN_STRICT_PROTOTYPES = YES;
				CLANG_WARN_SUSPICIOUS_MOVE = YES;
				CLANG_WARN_UNGUARDED_AVAILABILITY = YES_AGGRESSIVE;
				CLANG_WARN_UNREACHABLE_CODE = YES;
				CLANG_WARN__DUPLICATE_METHOD_MATCH = YES;
				COPY_PHASE_STRIP = NO;
				DEBUG_INFORMATION_FORMAT = dwarf;
				ENABLE_STRICT_OBJC_MSGSEND = YES;
				ENABLE_TESTABILITY = YES;
				GCC_C_LANGUAGE_STANDARD = gnu11;
				GCC_DYNAMIC_NO_PIC = NO;
				GCC_NO_COMMON_BLOCKS = YES;
				GCC_OPTIMIZATION_LEVEL = 0;
				GCC_PREPROCESSOR_DEFINITIONS = (
					"DEBUG=1",
					"$(inherited)",
				);
				GCC_WARN_64_TO_32_BIT_CONVERSION = YES;
				GCC_WARN_ABOUT_RETURN_TYPE = YES_ERROR;
				GCC_WARN_UNDECLARED_SELECTOR = YES;
				GCC_WARN_UNINITIALIZED_AUTOS = YES_AGGRESSIVE;
				GCC_WARN_UNUSED_FUNCTION = YES;
				GCC_WARN_UNUSED_VARIABLE = YES;
				IPHONEOS_DEPLOYMENT_TARGET = 15.0;
				MTL_ENABLE_DEBUG_INFO = INCLUDE_SOURCE;
				MTL_FAST_MATH = YES;
				ONLY_ACTIVE_ARCH = YES;
				SDKROOT = iphoneos;
				SWIFT_ACTIVE_COMPILATION_CONDITIONS = DEBUG;
				SWIFT_OPTIMIZATION_LEVEL = "-Onone";
			};
			name = Debug;
		};
		E0A574E128CB8A21002679C7 /* Release */ = {
			isa = XCBuildConfiguration;
			buildSettings = {
				ALWAYS_SEARCH_USER_PATHS = NO;
				CLANG_ANALYZER_NONNULL = YES;
				CLANG_ANALYZER_NUMBER_OBJECT_CONVERSION = YES_AGGRESSIVE;
				CLANG_CXX_LANGUAGE_STANDARD = "gnu++17";
				CLANG_CXX_LIBRARY = "libc++";
				CLANG_ENABLE_MODULES = YES;
				CLANG_ENABLE_OBJC_ARC = YES;
				CLANG_ENABLE_OBJC_WEAK = YES;
				CLANG_WARN_BLOCK_CAPTURE_AUTORELEASING = YES;
				CLANG_WARN_BOOL_CONVERSION = YES;
				CLANG_WARN_COMMA = YES;
				CLANG_WARN_CONSTANT_CONVERSION = YES;
				CLANG_WARN_DEPRECATED_OBJC_IMPLEMENTATIONS = YES;
				CLANG_WARN_DIRECT_OBJC_ISA_USAGE = YES_ERROR;
				CLANG_WARN_DOCUMENTATION_COMMENTS = YES;
				CLANG_WARN_EMPTY_BODY = YES;
				CLANG_WARN_ENUM_CONVERSION = YES;
				CLANG_WARN_INFINITE_RECURSION = YES;
				CLANG_WARN_INT_CONVERSION = YES;
				CLANG_WARN_NON_LITERAL_NULL_CONVERSION = YES;
				CLANG_WARN_OBJC_IMPLICIT_RETAIN_SELF = YES;
				CLANG_WARN_OBJC_LITERAL_CONVERSION = YES;
				CLANG_WARN_OBJC_ROOT_CLASS = YES_ERROR;
				CLANG_WARN_QUOTED_INCLUDE_IN_FRAMEWORK_HEADER = YES;
				CLANG_WARN_RANGE_LOOP_ANALYSIS = YES;
				CLANG_WARN_STRICT_PROTOTYPES = YES;
				CLANG_WARN_SUSPICIOUS_MOVE = YES;
				CLANG_WARN_UNGUARDED_AVAILABILITY = YES_AGGRESSIVE;
				CLANG_WARN_UNREACHABLE_CODE = YES;
				CLANG_WARN__DUPLICATE_METHOD_MATCH = YES;
				COPY_PHASE_STRIP = NO;
				DEBUG_INFORMATION_FORMAT = "dwarf-with-dsym";
				ENABLE_NS_ASSERTIONS = NO;
				ENABLE_STRICT_OBJC_MSGSEND = YES;
				GCC_C_LANGUAGE_STANDARD = gnu11;
				GCC_NO_COMMON_BLOCKS = YES;
				GCC_WARN_64_TO_32_BIT_CONVERSION = YES;
				GCC_WARN_ABOUT_RETURN_TYPE = YES_ERROR;
				GCC_WARN_UNDECLARED_SELECTOR = YES;
				GCC_WARN_UNINITIALIZED_AUTOS = YES_AGGRESSIVE;
				GCC_WARN_UNUSED_FUNCTION = YES;
				GCC_WARN_UNUSED_VARIABLE = YES;
				IPHONEOS_DEPLOYMENT_TARGET = 15.0;
				MTL_ENABLE_DEBUG_INFO = NO;
				MTL_FAST_MATH = YES;
				SDKROOT = iphoneos;
				SWIFT_COMPILATION_MODE = wholemodule;
				SWIFT_OPTIMIZATION_LEVEL = "-O";
				VALIDATE_PRODUCT = YES;
			};
			name = Release;
		};
		E0A574E328CB8A21002679C7 /* Debug */ = {
			isa = XCBuildConfiguration;
			baseConfigurationReference = EB5426989721C8A7BF9875C9 /* Pods-Breaking Bad Characters List.debug.xcconfig */;
			buildSettings = {
				ASSETCATALOG_COMPILER_APPICON_NAME = AppIcon;
				ASSETCATALOG_COMPILER_GLOBAL_ACCENT_COLOR_NAME = AccentColor;
				CODE_SIGN_STYLE = Automatic;
				CURRENT_PROJECT_VERSION = 1;
				DEVELOPMENT_TEAM = 34J2M9FNPA;
				GENERATE_INFOPLIST_FILE = YES;
				INFOPLIST_FILE = "Breaking Bad Characters List/Info.plist";
				INFOPLIST_KEY_UIApplicationSupportsIndirectInputEvents = YES;
				INFOPLIST_KEY_UILaunchStoryboardName = LaunchScreen;
				INFOPLIST_KEY_UIMainStoryboardFile = Main;
				INFOPLIST_KEY_UISupportedInterfaceOrientations_iPad = "UIInterfaceOrientationPortrait UIInterfaceOrientationPortraitUpsideDown UIInterfaceOrientationLandscapeLeft UIInterfaceOrientationLandscapeRight";
				INFOPLIST_KEY_UISupportedInterfaceOrientations_iPhone = "UIInterfaceOrientationPortrait UIInterfaceOrientationLandscapeLeft UIInterfaceOrientationLandscapeRight";
				LD_RUNPATH_SEARCH_PATHS = (
					"$(inherited)",
					"@executable_path/Frameworks",
				);
				MARKETING_VERSION = 1.0;
				PRODUCT_BUNDLE_IDENTIFIER = "com.olegFedotov.Breaking-Bad-Characters-List";
				PRODUCT_NAME = "$(TARGET_NAME)";
				SWIFT_EMIT_LOC_STRINGS = YES;
				SWIFT_VERSION = 5.0;
				TARGETED_DEVICE_FAMILY = "1,2";
			};
			name = Debug;
		};
		E0A574E428CB8A21002679C7 /* Release */ = {
			isa = XCBuildConfiguration;
			baseConfigurationReference = FAD3703D8F8D104314975447 /* Pods-Breaking Bad Characters List.release.xcconfig */;
			buildSettings = {
				ASSETCATALOG_COMPILER_APPICON_NAME = AppIcon;
				ASSETCATALOG_COMPILER_GLOBAL_ACCENT_COLOR_NAME = AccentColor;
				CODE_SIGN_STYLE = Automatic;
				CURRENT_PROJECT_VERSION = 1;
				DEVELOPMENT_TEAM = 34J2M9FNPA;
				GENERATE_INFOPLIST_FILE = YES;
				INFOPLIST_FILE = "Breaking Bad Characters List/Info.plist";
				INFOPLIST_KEY_UIApplicationSupportsIndirectInputEvents = YES;
				INFOPLIST_KEY_UILaunchStoryboardName = LaunchScreen;
				INFOPLIST_KEY_UIMainStoryboardFile = Main;
				INFOPLIST_KEY_UISupportedInterfaceOrientations_iPad = "UIInterfaceOrientationPortrait UIInterfaceOrientationPortraitUpsideDown UIInterfaceOrientationLandscapeLeft UIInterfaceOrientationLandscapeRight";
				INFOPLIST_KEY_UISupportedInterfaceOrientations_iPhone = "UIInterfaceOrientationPortrait UIInterfaceOrientationLandscapeLeft UIInterfaceOrientationLandscapeRight";
				LD_RUNPATH_SEARCH_PATHS = (
					"$(inherited)",
					"@executable_path/Frameworks",
				);
				MARKETING_VERSION = 1.0;
				PRODUCT_BUNDLE_IDENTIFIER = "com.olegFedotov.Breaking-Bad-Characters-List";
				PRODUCT_NAME = "$(TARGET_NAME)";
				SWIFT_EMIT_LOC_STRINGS = YES;
				SWIFT_VERSION = 5.0;
				TARGETED_DEVICE_FAMILY = "1,2";
			};
			name = Release;
		};
/* End XCBuildConfiguration section */

/* Begin XCConfigurationList section */
		E0A574C928CB8A20002679C7 /* Build configuration list for PBXProject "Breaking Bad Characters List" */ = {
			isa = XCConfigurationList;
			buildConfigurations = (
				E0A574E028CB8A21002679C7 /* Debug */,
				E0A574E128CB8A21002679C7 /* Release */,
			);
			defaultConfigurationIsVisible = 0;
			defaultConfigurationName = Release;
		};
		E0A574E228CB8A21002679C7 /* Build configuration list for PBXNativeTarget "Breaking Bad Characters List" */ = {
			isa = XCConfigurationList;
			buildConfigurations = (
				E0A574E328CB8A21002679C7 /* Debug */,
				E0A574E428CB8A21002679C7 /* Release */,
			);
			defaultConfigurationIsVisible = 0;
			defaultConfigurationName = Release;
		};
/* End XCConfigurationList section */
	};
	rootObject = E0A574C628CB8A20002679C7 /* Project object */;
}
